
Microsoft Visual Studio Solution File, Format Version 12.00
# Visual Studio 15
VisualStudioVersion = 15.0.28307.438
MinimumVisualStudioVersion = 10.0.40219.1
Project("{FAE04EC0-301F-11D3-BF4B-00C04F79EFBC}") = "ConsoleApp1", "ConsoleApp1\ConsoleApp1.csproj", "{089AF485-7154-4E6D-A483-34ED95FC6D11}"
EndProject
Global
	GlobalSection(SolutionConfigurationPlatforms) = preSolution
		Debug|Any CPU = Debug|Any CPU
		Release|Any CPU = Release|Any CPU
	EndGlobalSection
	GlobalSection(ProjectConfigurationPlatforms) = postSolution
		{089AF485-7154-4E6D-A483-34ED95FC6D11}.Debug|Any CPU.ActiveCfg = Debug|Any CPU
		{089AF485-7154-4E6D-A483-34ED95FC6D11}.Debug|Any CPU.Build.0 = Debug|Any CPU
		{089AF485-7154-4E6D-A483-34ED95FC6D11}.Release|Any CPU.ActiveCfg = Release|Any CPU
		{089AF485-7154-4E6D-A483-34ED95FC6D11}.Release|Any CPU.Build.0 = Release|Any CPU
	EndGlobalSection
	GlobalSection(SolutionProperties) = preSolution
		HideSolutionNode = FALSE
	EndGlobalSection
	GlobalSection(ExtensibilityGlobals) = postSolution
		SolutionGuid = {A1DECCC0-F64A-49AB-AFF0-9E580B4182E0}
	EndGlobalSection
EndGlobal
